
Microsoft Visual Studio Solution File, Format Version 12.00
# Visual Studio 15
VisualStudioVersion = 15.0.26430.14
MinimumVisualStudioVersion = 10.0.40219.1
Project("{9A19103F-16F7-4668-BE54-9A1E7A4F7556}") = "DBMS2018", "DBMS2018.csproj", "{5C1FB823-5E1E-4071-9466-185B9587E4DE}"
EndProject
Project("{9A19103F-16F7-4668-BE54-9A1E7A4F7556}") = "TestApp", "..\TestApp\TestApp.csproj", "{C3B297B2-32E9-4BC3-A226-B9DABFC70D6A}"
EndProject
Project("{9A19103F-16F7-4668-BE54-9A1E7A4F7556}") = "DBMSUnitTests", "..\DBMSUnitTests\DBMSUnitTests.csproj", "{CF4A5EBB-025D-4E13-9827-1ED4388D69FB}"
EndProject
Project("{FAE04EC0-301F-11D3-BF4B-00C04F79EFBC}") = "DBMS.MySql", "..\Databases\MySql\DBMS.MySql.csproj", "{B53DFD3F-1733-4925-9ED7-07FC063CBA1F}"
EndProject
Global
	GlobalSection(SolutionConfigurationPlatforms) = preSolution
		Debug|Any CPU = Debug|Any CPU
		Release|Any CPU = Release|Any CPU
	EndGlobalSection
	GlobalSection(ProjectConfigurationPlatforms) = postSolution
		{5C1FB823-5E1E-4071-9466-185B9587E4DE}.Debug|Any CPU.ActiveCfg = Debug|Any CPU
		{5C1FB823-5E1E-4071-9466-185B9587E4DE}.Debug|Any CPU.Build.0 = Debug|Any CPU
		{5C1FB823-5E1E-4071-9466-185B9587E4DE}.Release|Any CPU.ActiveCfg = Release|Any CPU
		{5C1FB823-5E1E-4071-9466-185B9587E4DE}.Release|Any CPU.Build.0 = Release|Any CPU
		{C3B297B2-32E9-4BC3-A226-B9DABFC70D6A}.Debug|Any CPU.ActiveCfg = Debug|Any CPU
		{C3B297B2-32E9-4BC3-A226-B9DABFC70D6A}.Debug|Any CPU.Build.0 = Debug|Any CPU
		{C3B297B2-32E9-4BC3-A226-B9DABFC70D6A}.Release|Any CPU.ActiveCfg = Release|Any CPU
		{C3B297B2-32E9-4BC3-A226-B9DABFC70D6A}.Release|Any CPU.Build.0 = Release|Any CPU
		{CF4A5EBB-025D-4E13-9827-1ED4388D69FB}.Debug|Any CPU.ActiveCfg = Debug|Any CPU
		{CF4A5EBB-025D-4E13-9827-1ED4388D69FB}.Debug|Any CPU.Build.0 = Debug|Any CPU
		{CF4A5EBB-025D-4E13-9827-1ED4388D69FB}.Release|Any CPU.ActiveCfg = Release|Any CPU
		{CF4A5EBB-025D-4E13-9827-1ED4388D69FB}.Release|Any CPU.Build.0 = Release|Any CPU
		{B53DFD3F-1733-4925-9ED7-07FC063CBA1F}.Debug|Any CPU.ActiveCfg = Debug|Any CPU
		{B53DFD3F-1733-4925-9ED7-07FC063CBA1F}.Debug|Any CPU.Build.0 = Debug|Any CPU
		{B53DFD3F-1733-4925-9ED7-07FC063CBA1F}.Release|Any CPU.ActiveCfg = Release|Any CPU
		{B53DFD3F-1733-4925-9ED7-07FC063CBA1F}.Release|Any CPU.Build.0 = Release|Any CPU
	EndGlobalSection
	GlobalSection(SolutionProperties) = preSolution
		HideSolutionNode = FALSE
	EndGlobalSection
	GlobalSection(ExtensibilityGlobals) = postSolution
		SolutionGuid = {CF785062-C64C-4C94-8D2F-D3C0728ADF2B}
	EndGlobalSection
EndGlobal
